
Microsoft Visual Studio Solution File, Format Version 12.00
# Visual Studio Express 2012 for Windows Desktop
Project("{FAE04EC0-301F-11D3-BF4B-00C04F79EFBC}") = "Project", "Project\Project.csproj", "{8137D5BA-1E63-4CC5-B819-F1DD3D156411}"
EndProject
Global
	GlobalSection(SolutionConfigurationPlatforms) = preSolution
		Debug|Any CPU = Debug|Any CPU
		Release|Any CPU = Release|Any CPU
	EndGlobalSection
	GlobalSection(ProjectConfigurationPlatforms) = postSolution
		{8137D5BA-1E63-4CC5-B819-F1DD3D156411}.Debug|Any CPU.ActiveCfg = Debug|Any CPU
		{8137D5BA-1E63-4CC5-B819-F1DD3D156411}.Debug|Any CPU.Build.0 = Debug|Any CPU
		{8137D5BA-1E63-4CC5-B819-F1DD3D156411}.Release|Any CPU.ActiveCfg = Release|Any CPU
		{8137D5BA-1E63-4CC5-B819-F1DD3D156411}.Release|Any CPU.Build.0 = Release|Any CPU
	EndGlobalSection
	GlobalSection(SolutionProperties) = preSolution
		HideSolutionNode = FALSE
	EndGlobalSection
EndGlobal
